github.com/brendandburns/wasi-go v0.0.0-20231209000631-cdc49d06671e h1:GkGCsS7ea/ouMRI4/n5LjybTb0UdDzoKduRY6JmZlKQ=
github.com/brendandburns/wasi-go v0.0.0-20231209000631-cdc49d06671e/go.mod h1:ZAYCOqLJkc9P6fcq14TV4cf+gJ2fHthp9kCGxBViagE=
github.com/stealthrocket/wazergo v0.19.1 h1:BPrITETPgSFwiytwmToO0MbUC/+RGC39JScz1JmmG6c=
github.com/stealthrocket/wazergo v0.19.1/go.mod h1:riI0hxw4ndZA5e6z7PesHg2BtTftcZaMxRcoiGGipTs=
github.com/tetratelabs/wazero v1.5.0 h1:Yz3fZHivfDiZFUXnWMPUoiW7s8tC1sjdBtlJn08qYa0=
github.com/tetratelabs/wazero v1.5.0/go.mod h1:0U0G41+ochRKoPKCJlh0jMg1CHkyfK8kDqiirMmKY8A=
golang.org/x/sys v0.8.0 h1:EBmGv8NaZBZTWvrbjNoL6HVt+IVy3QDQpJs7VRIw3tU=
golang.org/x/sys v0.8.0/go.mod h1:oPkhp1MJrh7nUepCBck5+mAzfO9JrbApNNgaTdGDITg=
