github.com/stealthrocket/wasi-go v0.8.0 h1:Hwnv3CUoMhhRyero9vt1vfwaYa9tu/Z5kmCW4WeAmVI=
github.com/stealthrocket/wasi-go v0.8.0/go.mod h1:PJ5oVs2E1ciOJnsTnav4nvTtEcJ4D1jUZAewS9pzuZg=
github.com/stealthrocket/wazergo v0.19.1 h1:BPrITETPgSFwiytwmToO0MbUC/+RGC39JScz1JmmG6c=
github.com/tetratelabs/wazero v1.5.0 h1:Yz3fZHivfDiZFUXnWMPUoiW7s8tC1sjdBtlJn08qYa0=
github.com/tetratelabs/wazero v1.5.0/go.mod h1:0U0G41+ochRKoPKCJlh0jMg1CHkyfK8kDqiirMmKY8A=
golang.org/x/sys v0.8.0 h1:EBmGv8NaZBZTWvrbjNoL6HVt+IVy3QDQpJs7VRIw3tU=
